// !$*UTF8*$!
{
	archiveVersion = 1;
	classes = {
	};
	objectVersion = 55;
	objects = {

/* Begin PBXBuildFile section */
		631EBBF2284080B000D6255D /* RegexPatterns.swift in Sources */ = {isa = PBXBuildFile; fileRef = 631EBBF1284080B000D6255D /* RegexPatterns.swift */; };
		631EBBF52840874000D6255D /* RegexFormItem.swift in Sources */ = {isa = PBXBuildFile; fileRef = 631EBBF42840874000D6255D /* RegexFormItem.swift */; };
		631EBBF8284087EF00D6255D /* ValidationError.swift in Sources */ = {isa = PBXBuildFile; fileRef = 631EBBF7284087EF00D6255D /* ValidationError.swift */; };
		631EBBFB28408CC500D6255D /* ValidationManager.swift in Sources */ = {isa = PBXBuildFile; fileRef = 631EBBFA28408CC500D6255D /* ValidationManager.swift */; };
		631EBBFE2840E6FC00D6255D /* FormState.swift in Sources */ = {isa = PBXBuildFile; fileRef = 631EBBFD2840E6FC00D6255D /* FormState.swift */; };
		6329A16128587CC900996539 /* LoadingView.swift in Sources */ = {isa = PBXBuildFile; fileRef = 6329A16028587CC900996539 /* LoadingView.swift */; };
		63422993283F463E00FCDA10 /* Assets.xcassets in Resources */ = {isa = PBXBuildFile; fileRef = 63422992283F463E00FCDA10 /* Assets.xcassets */; };
		63422996283F463E00FCDA10 /* LaunchScreen.storyboard in Resources */ = {isa = PBXBuildFile; fileRef = 63422994283F463E00FCDA10 /* LaunchScreen.storyboard */; };
		634229A5283F524F00FCDA10 /* InputTextField.swift in Sources */ = {isa = PBXBuildFile; fileRef = 634229A4283F524F00FCDA10 /* InputTextField.swift */; };
		634229A8283F584100FCDA10 /* PreviewLayoutComponentModifier.swift in Sources */ = {isa = PBXBuildFile; fileRef = 634229A7283F584100FCDA10 /* PreviewLayoutComponentModifier.swift */; };
		634229AA283F5A6700FCDA10 /* InputPasswordField.swift in Sources */ = {isa = PBXBuildFile; fileRef = 634229A9283F5A6700FCDA10 /* InputPasswordField.swift */; };
		634229AC283F60F800FCDA10 /* ButtonView.swift in Sources */ = {isa = PBXBuildFile; fileRef = 634229AB283F60F800FCDA10 /* ButtonView.swift */; };
		63934AA0284503AF008E8A1D /* FirebaseAuth in Frameworks */ = {isa = PBXBuildFile; productRef = 63934A9F284503AF008E8A1D /* FirebaseAuth */; };
		63934AA2284503AF008E8A1D /* FirebaseDatabase in Frameworks */ = {isa = PBXBuildFile; productRef = 63934AA1284503AF008E8A1D /* FirebaseDatabase */; };
		63934AAD284508AA008E8A1D /* UserDetails.swift in Sources */ = {isa = PBXBuildFile; fileRef = 63934AAC284508AA008E8A1D /* UserDetails.swift */; };
		63934AAF28450907008E8A1D /* RegisterService.swift in Sources */ = {isa = PBXBuildFile; fileRef = 63934AAE28450907008E8A1D /* RegisterService.swift */; };
		63934AB628451B7B008E8A1D /* SessionUserDetails.swift in Sources */ = {isa = PBXBuildFile; fileRef = 63934AB528451B7B008E8A1D /* SessionUserDetails.swift */; };
		63934AB928451BD2008E8A1D /* SessionService.swift in Sources */ = {isa = PBXBuildFile; fileRef = 63934AB828451BD2008E8A1D /* SessionService.swift */; };
		63A6FA6F284F81EB006926A3 /* ProfileTextField.swift in Sources */ = {isa = PBXBuildFile; fileRef = 63A6FA6E284F81EB006926A3 /* ProfileTextField.swift */; };
		63A6FA73284F83CD006926A3 /* ProfileTextComponent.swift in Sources */ = {isa = PBXBuildFile; fileRef = 63A6FA72284F83CD006926A3 /* ProfileTextComponent.swift */; };
		63A6FA75284F8686006926A3 /* ProfilePasswordField.swift in Sources */ = {isa = PBXBuildFile; fileRef = 63A6FA74284F8686006926A3 /* ProfilePasswordField.swift */; };
		63A6FA77284F86DD006926A3 /* ProfilePasswordComponent.swift in Sources */ = {isa = PBXBuildFile; fileRef = 63A6FA76284F86DD006926A3 /* ProfilePasswordComponent.swift */; };
		63B562F72847455400187674 /* RegisterForm.swift in Sources */ = {isa = PBXBuildFile; fileRef = 63B562F62847455400187674 /* RegisterForm.swift */; };
		63B562F9284748D800187674 /* CommonValidations.swift in Sources */ = {isa = PBXBuildFile; fileRef = 63B562F8284748D800187674 /* CommonValidations.swift */; };
		63B562FB28474D5C00187674 /* LoginForm.swift in Sources */ = {isa = PBXBuildFile; fileRef = 63B562FA28474D5C00187674 /* LoginForm.swift */; };
		63B562FF2847520200187674 /* RegisterFormBuilder.swift in Sources */ = {isa = PBXBuildFile; fileRef = 63B562FE2847520200187674 /* RegisterFormBuilder.swift */; };
		63B563012847529200187674 /* LoginFormBuilder.swift in Sources */ = {isa = PBXBuildFile; fileRef = 63B563002847529200187674 /* LoginFormBuilder.swift */; };
		63B5630328475D2100187674 /* InputTextComponent.swift in Sources */ = {isa = PBXBuildFile; fileRef = 63B5630228475D2100187674 /* InputTextComponent.swift */; };
		63B5630528475D4C00187674 /* InputPasswordComponent.swift in Sources */ = {isa = PBXBuildFile; fileRef = 63B5630428475D4C00187674 /* InputPasswordComponent.swift */; };
		63B5630728475D8700187674 /* InputDateComponent.swift in Sources */ = {isa = PBXBuildFile; fileRef = 63B5630628475D8700187674 /* InputDateComponent.swift */; };
		63B5631028486D7700187674 /* InputComponents.swift in Sources */ = {isa = PBXBuildFile; fileRef = 63B5630F28486D7700187674 /* InputComponents.swift */; };
		63B5632E2849137900187674 /* UserLogin.swift in Sources */ = {isa = PBXBuildFile; fileRef = 63B5632D2849137900187674 /* UserLogin.swift */; };
		63B563302849C0C300187674 /* LoginService.swift in Sources */ = {isa = PBXBuildFile; fileRef = 63B5632F2849C0C300187674 /* LoginService.swift */; };
		63B563322849CF9F00187674 /* GoogleService-Info.plist in Resources */ = {isa = PBXBuildFile; fileRef = 63B563312849CF9F00187674 /* GoogleService-Info.plist */; };
		63B56334284A055700187674 /* AppDelegate.swift in Sources */ = {isa = PBXBuildFile; fileRef = 63B56333284A055700187674 /* AppDelegate.swift */; };
		63B56337284A05E600187674 /* ProfileView.swift in Sources */ = {isa = PBXBuildFile; fileRef = 63B56336284A05E600187674 /* ProfileView.swift */; };
		63B5633B284A075600187674 /* ProfileViewModel.swift in Sources */ = {isa = PBXBuildFile; fileRef = 63B5633A284A075600187674 /* ProfileViewModel.swift */; };
		63B5633F284A121100187674 /* ProfileFormBuilder.swift in Sources */ = {isa = PBXBuildFile; fileRef = 63B5633E284A121100187674 /* ProfileFormBuilder.swift */; };
		63B56341284A121A00187674 /* ProfileForm.swift in Sources */ = {isa = PBXBuildFile; fileRef = 63B56340284A121A00187674 /* ProfileForm.swift */; };
		63B56343284A127D00187674 /* ProfileComponents.swift in Sources */ = {isa = PBXBuildFile; fileRef = 63B56342284A127D00187674 /* ProfileComponents.swift */; };
		63E9FE66283F715B001ECFBE /* LoginView.swift in Sources */ = {isa = PBXBuildFile; fileRef = 63E9FE65283F715B001ECFBE /* LoginView.swift */; };
		63E9FE68283F77D7001ECFBE /* RegisterView.swift in Sources */ = {isa = PBXBuildFile; fileRef = 63E9FE67283F77D7001ECFBE /* RegisterView.swift */; };
		63E9FE6A283F7F29001ECFBE /* InputDateField.swift in Sources */ = {isa = PBXBuildFile; fileRef = 63E9FE69283F7F29001ECFBE /* InputDateField.swift */; };
		63E9FE6F283F998E001ECFBE /* RegisterViewModel.swift in Sources */ = {isa = PBXBuildFile; fileRef = 63E9FE6E283F998E001ECFBE /* RegisterViewModel.swift */; };
		63E9FE74283F9EB9001ECFBE /* LoginViewModel.swift in Sources */ = {isa = PBXBuildFile; fileRef = 63E9FE73283F9EB9001ECFBE /* LoginViewModel.swift */; };
		63E9FE8F283FC442001ECFBE /* FormComponent.swift in Sources */ = {isa = PBXBuildFile; fileRef = 63E9FE8E283FC442001ECFBE /* FormComponent.swift */; };
		63E9FE92283FCCE6001ECFBE /* FormBuilderProtocol.swift in Sources */ = {isa = PBXBuildFile; fileRef = 63E9FE91283FCCE6001ECFBE /* FormBuilderProtocol.swift */; };
		63F7D2B628506ACA009B3E35 /* ProfileDateComponent.swift in Sources */ = {isa = PBXBuildFile; fileRef = 63F7D2B528506ACA009B3E35 /* ProfileDateComponent.swift */; };
		63F7D2B828506BE4009B3E35 /* ProfileDateField.swift in Sources */ = {isa = PBXBuildFile; fileRef = 63F7D2B728506BE4009B3E35 /* ProfileDateField.swift */; };
/* End PBXBuildFile section */

/* Begin PBXFileReference section */
		631EBBF1284080B000D6255D /* RegexPatterns.swift */ = {isa = PBXFileReference; lastKnownFileType = sourcecode.swift; path = RegexPatterns.swift; sourceTree = "<group>"; };
		631EBBF42840874000D6255D /* RegexFormItem.swift */ = {isa = PBXFileReference; lastKnownFileType = sourcecode.swift; path = RegexFormItem.swift; sourceTree = "<group>"; };
		631EBBF7284087EF00D6255D /* ValidationError.swift */ = {isa = PBXFileReference; lastKnownFileType = sourcecode.swift; path = ValidationError.swift; sourceTree = "<group>"; };
		631EBBFA28408CC500D6255D /* ValidationManager.swift */ = {isa = PBXFileReference; lastKnownFileType = sourcecode.swift; path = ValidationManager.swift; sourceTree = "<group>"; };
		631EBBFD2840E6FC00D6255D /* FormState.swift */ = {isa = PBXFileReference; lastKnownFileType = sourcecode.swift; path = FormState.swift; sourceTree = "<group>"; };
		6329A16028587CC900996539 /* LoadingView.swift */ = {isa = PBXFileReference; lastKnownFileType = sourcecode.swift; path = LoadingView.swift; sourceTree = "<group>"; };
		63422986283F463700FCDA10 /* FirebaseLogin.app */ = {isa = PBXFileReference; explicitFileType = wrapper.application; includeInIndex = 0; path = FirebaseLogin.app; sourceTree = BUILT_PRODUCTS_DIR; };
		63422992283F463E00FCDA10 /* Assets.xcassets */ = {isa = PBXFileReference; lastKnownFileType = folder.assetcatalog; path = Assets.xcassets; sourceTree = "<group>"; };
		63422995283F463E00FCDA10 /* Base */ = {isa = PBXFileReference; lastKnownFileType = file.storyboard; name = Base; path = Base.lproj/LaunchScreen.storyboard; sourceTree = "<group>"; };
		63422997283F463E00FCDA10 /* Info.plist */ = {isa = PBXFileReference; lastKnownFileType = text.plist.xml; path = Info.plist; sourceTree = "<group>"; };
		634229A4283F524F00FCDA10 /* InputTextField.swift */ = {isa = PBXFileReference; lastKnownFileType = sourcecode.swift; path = InputTextField.swift; sourceTree = "<group>"; };
		634229A7283F584100FCDA10 /* PreviewLayoutComponentModifier.swift */ = {isa = PBXFileReference; lastKnownFileType = sourcecode.swift; path = PreviewLayoutComponentModifier.swift; sourceTree = "<group>"; };
		634229A9283F5A6700FCDA10 /* InputPasswordField.swift */ = {isa = PBXFileReference; lastKnownFileType = sourcecode.swift; path = InputPasswordField.swift; sourceTree = "<group>"; };
		634229AB283F60F800FCDA10 /* ButtonView.swift */ = {isa = PBXFileReference; lastKnownFileType = sourcecode.swift; path = ButtonView.swift; sourceTree = "<group>"; };
		63934AAC284508AA008E8A1D /* UserDetails.swift */ = {isa = PBXFileReference; lastKnownFileType = sourcecode.swift; path = UserDetails.swift; sourceTree = "<group>"; };
		63934AAE28450907008E8A1D /* RegisterService.swift */ = {isa = PBXFileReference; lastKnownFileType = sourcecode.swift; path = RegisterService.swift; sourceTree = "<group>"; };
		63934AB528451B7B008E8A1D /* SessionUserDetails.swift */ = {isa = PBXFileReference; lastKnownFileType = sourcecode.swift; path = SessionUserDetails.swift; sourceTree = "<group>"; };
		63934AB828451BD2008E8A1D /* SessionService.swift */ = {isa = PBXFileReference; lastKnownFileType = sourcecode.swift; path = SessionService.swift; sourceTree = "<group>"; };
		63A6FA6E284F81EB006926A3 /* ProfileTextField.swift */ = {isa = PBXFileReference; lastKnownFileType = sourcecode.swift; path = ProfileTextField.swift; sourceTree = "<group>"; };
		63A6FA72284F83CD006926A3 /* ProfileTextComponent.swift */ = {isa = PBXFileReference; lastKnownFileType = sourcecode.swift; path = ProfileTextComponent.swift; sourceTree = "<group>"; };
		63A6FA74284F8686006926A3 /* ProfilePasswordField.swift */ = {isa = PBXFileReference; lastKnownFileType = sourcecode.swift; path = ProfilePasswordField.swift; sourceTree = "<group>"; };
		63A6FA76284F86DD006926A3 /* ProfilePasswordComponent.swift */ = {isa = PBXFileReference; lastKnownFileType = sourcecode.swift; path = ProfilePasswordComponent.swift; sourceTree = "<group>"; };
		63B562F62847455400187674 /* RegisterForm.swift */ = {isa = PBXFileReference; lastKnownFileType = sourcecode.swift; path = RegisterForm.swift; sourceTree = "<group>"; };
		63B562F8284748D800187674 /* CommonValidations.swift */ = {isa = PBXFileReference; lastKnownFileType = sourcecode.swift; path = CommonValidations.swift; sourceTree = "<group>"; };
		63B562FA28474D5C00187674 /* LoginForm.swift */ = {isa = PBXFileReference; lastKnownFileType = sourcecode.swift; path = LoginForm.swift; sourceTree = "<group>"; };
		63B562FE2847520200187674 /* RegisterFormBuilder.swift */ = {isa = PBXFileReference; lastKnownFileType = sourcecode.swift; path = RegisterFormBuilder.swift; sourceTree = "<group>"; };
		63B563002847529200187674 /* LoginFormBuilder.swift */ = {isa = PBXFileReference; lastKnownFileType = sourcecode.swift; path = LoginFormBuilder.swift; sourceTree = "<group>"; };
		63B5630228475D2100187674 /* InputTextComponent.swift */ = {isa = PBXFileReference; lastKnownFileType = sourcecode.swift; path = InputTextComponent.swift; sourceTree = "<group>"; };
		63B5630428475D4C00187674 /* InputPasswordComponent.swift */ = {isa = PBXFileReference; lastKnownFileType = sourcecode.swift; path = InputPasswordComponent.swift; sourceTree = "<group>"; };
		63B5630628475D8700187674 /* InputDateComponent.swift */ = {isa = PBXFileReference; lastKnownFileType = sourcecode.swift; path = InputDateComponent.swift; sourceTree = "<group>"; };
		63B5630F28486D7700187674 /* InputComponents.swift */ = {isa = PBXFileReference; lastKnownFileType = sourcecode.swift; path = InputComponents.swift; sourceTree = "<group>"; };
		63B5632D2849137900187674 /* UserLogin.swift */ = {isa = PBXFileReference; lastKnownFileType = sourcecode.swift; path = UserLogin.swift; sourceTree = "<group>"; };
		63B5632F2849C0C300187674 /* LoginService.swift */ = {isa = PBXFileReference; lastKnownFileType = sourcecode.swift; path = LoginService.swift; sourceTree = "<group>"; };
		63B563312849CF9F00187674 /* GoogleService-Info.plist */ = {isa = PBXFileReference; fileEncoding = 4; lastKnownFileType = text.plist.xml; path = "GoogleService-Info.plist"; sourceTree = "<group>"; };
		63B56333284A055700187674 /* AppDelegate.swift */ = {isa = PBXFileReference; lastKnownFileType = sourcecode.swift; path = AppDelegate.swift; sourceTree = "<group>"; };
		63B56336284A05E600187674 /* ProfileView.swift */ = {isa = PBXFileReference; lastKnownFileType = sourcecode.swift; path = ProfileView.swift; sourceTree = "<group>"; };
		63B5633A284A075600187674 /* ProfileViewModel.swift */ = {isa = PBXFileReference; lastKnownFileType = sourcecode.swift; path = ProfileViewModel.swift; sourceTree = "<group>"; };
		63B5633E284A121100187674 /* ProfileFormBuilder.swift */ = {isa = PBXFileReference; lastKnownFileType = sourcecode.swift; path = ProfileFormBuilder.swift; sourceTree = "<group>"; };
		63B56340284A121A00187674 /* ProfileForm.swift */ = {isa = PBXFileReference; lastKnownFileType = sourcecode.swift; path = ProfileForm.swift; sourceTree = "<group>"; };
		63B56342284A127D00187674 /* ProfileComponents.swift */ = {isa = PBXFileReference; lastKnownFileType = sourcecode.swift; path = ProfileComponents.swift; sourceTree = "<group>"; };
		63E9FE65283F715B001ECFBE /* LoginView.swift */ = {isa = PBXFileReference; lastKnownFileType = sourcecode.swift; path = LoginView.swift; sourceTree = "<group>"; };
		63E9FE67283F77D7001ECFBE /* RegisterView.swift */ = {isa = PBXFileReference; lastKnownFileType = sourcecode.swift; path = RegisterView.swift; sourceTree = "<group>"; };
		63E9FE69283F7F29001ECFBE /* InputDateField.swift */ = {isa = PBXFileReference; lastKnownFileType = sourcecode.swift; path = InputDateField.swift; sourceTree = "<group>"; };
		63E9FE6E283F998E001ECFBE /* RegisterViewModel.swift */ = {isa = PBXFileReference; lastKnownFileType = sourcecode.swift; path = RegisterViewModel.swift; sourceTree = "<group>"; };
		63E9FE73283F9EB9001ECFBE /* LoginViewModel.swift */ = {isa = PBXFileReference; lastKnownFileType = sourcecode.swift; path = LoginViewModel.swift; sourceTree = "<group>"; };
		63E9FE8E283FC442001ECFBE /* FormComponent.swift */ = {isa = PBXFileReference; lastKnownFileType = sourcecode.swift; path = FormComponent.swift; sourceTree = "<group>"; };
		63E9FE91283FCCE6001ECFBE /* FormBuilderProtocol.swift */ = {isa = PBXFileReference; lastKnownFileType = sourcecode.swift; path = FormBuilderProtocol.swift; sourceTree = "<group>"; };
		63F7D2B528506ACA009B3E35 /* ProfileDateComponent.swift */ = {isa = PBXFileReference; lastKnownFileType = sourcecode.swift; path = ProfileDateComponent.swift; sourceTree = "<group>"; };
		63F7D2B728506BE4009B3E35 /* ProfileDateField.swift */ = {isa = PBXFileReference; lastKnownFileType = sourcecode.swift; path = ProfileDateField.swift; sourceTree = "<group>"; };
/* End PBXFileReference section */

/* Begin PBXFrameworksBuildPhase section */
		63422983283F463700FCDA10 /* Frameworks */ = {
			isa = PBXFrameworksBuildPhase;
			buildActionMask = 2147483647;
			files = (
				63934AA2284503AF008E8A1D /* FirebaseDatabase in Frameworks */,
				63934AA0284503AF008E8A1D /* FirebaseAuth in Frameworks */,
			);
			runOnlyForDeploymentPostprocessing = 0;
		};
/* End PBXFrameworksBuildPhase section */

/* Begin PBXGroup section */
		631EBBEF2840809800D6255D /* Validation */ = {
			isa = PBXGroup;
			children = (
				631EBBFC2840E6D900D6255D /* FormState */,
				631EBBF928408CB200D6255D /* Manager */,
				631EBBF6284087D500D6255D /* Error */,
				631EBBF32840872700D6255D /* Model */,
				631EBBF0284080A000D6255D /* RegexPatterns */,
			);
			path = Validation;
			sourceTree = "<group>";
		};
		631EBBF0284080A000D6255D /* RegexPatterns */ = {
			isa = PBXGroup;
			children = (
				631EBBF1284080B000D6255D /* RegexPatterns.swift */,
			);
			path = RegexPatterns;
			sourceTree = "<group>";
		};
		631EBBF32840872700D6255D /* Model */ = {
			isa = PBXGroup;
			children = (
				631EBBF42840874000D6255D /* RegexFormItem.swift */,
			);
			path = Model;
			sourceTree = "<group>";
		};
		631EBBF6284087D500D6255D /* Error */ = {
			isa = PBXGroup;
			children = (
				631EBBF7284087EF00D6255D /* ValidationError.swift */,
			);
			path = Error;
			sourceTree = "<group>";
		};
		631EBBF928408CB200D6255D /* Manager */ = {
			isa = PBXGroup;
			children = (
				631EBBFA28408CC500D6255D /* ValidationManager.swift */,
				63B562F8284748D800187674 /* CommonValidations.swift */,
			);
			path = Manager;
			sourceTree = "<group>";
		};
		631EBBFC2840E6D900D6255D /* FormState */ = {
			isa = PBXGroup;
			children = (
				631EBBFD2840E6FC00D6255D /* FormState.swift */,
			);
			path = FormState;
			sourceTree = "<group>";
		};
		6329A15E28587C5A00996539 /* Flows */ = {
			isa = PBXGroup;
			children = (
				63E9FE75283F9EDB001ECFBE /* Login */,
				63E9FE70283F9D32001ECFBE /* Registration */,
				63B56335284A05C300187674 /* Profile */,
			);
			path = Flows;
			sourceTree = "<group>";
		};
		6329A15F28587C8400996539 /* Base */ = {
			isa = PBXGroup;
			children = (
				63E9FE87283FC343001ECFBE /* Form */,
				63934AB328451B4E008E8A1D /* Session */,
				6329A16228587D1400996539 /* LoadingView */,
				634229A6283F582300FCDA10 /* PreviewModifiers */,
			);
			path = Base;
			sourceTree = "<group>";
		};
		6329A16228587D1400996539 /* LoadingView */ = {
			isa = PBXGroup;
			children = (
				6329A16028587CC900996539 /* LoadingView.swift */,
			);
			path = LoadingView;
			sourceTree = "<group>";
		};
		6342297D283F463700FCDA10 = {
			isa = PBXGroup;
			children = (
				63422988283F463700FCDA10 /* FirebaseLogin */,
				63422987283F463700FCDA10 /* Products */,
			);
			sourceTree = "<group>";
		};
		63422987283F463700FCDA10 /* Products */ = {
			isa = PBXGroup;
			children = (
				63422986283F463700FCDA10 /* FirebaseLogin.app */,
			);
			name = Products;
			sourceTree = "<group>";
		};
		63422988283F463700FCDA10 /* FirebaseLogin */ = {
			isa = PBXGroup;
			children = (
				639778262844BBBA005394E6 /* Application */,
				6329A15E28587C5A00996539 /* Flows */,
				6329A15F28587C8400996539 /* Base */,
				63422994283F463E00FCDA10 /* LaunchScreen.storyboard */,
				63422992283F463E00FCDA10 /* Assets.xcassets */,
				63422997283F463E00FCDA10 /* Info.plist */,
				63B563312849CF9F00187674 /* GoogleService-Info.plist */,
			);
			path = FirebaseLogin;
			sourceTree = "<group>";
		};
		634229A6283F582300FCDA10 /* PreviewModifiers */ = {
			isa = PBXGroup;
			children = (
				634229A7283F584100FCDA10 /* PreviewLayoutComponentModifier.swift */,
			);
			path = PreviewModifiers;
			sourceTree = "<group>";
		};
		63934AA528450847008E8A1D /* Service */ = {
			isa = PBXGroup;
			children = (
				63B5632F2849C0C300187674 /* LoginService.swift */,
			);
			path = Service;
			sourceTree = "<group>";
		};
		63934AA828450870008E8A1D /* Service */ = {
			isa = PBXGroup;
			children = (
				63934AAE28450907008E8A1D /* RegisterService.swift */,
			);
			path = Service;
			sourceTree = "<group>";
		};
		63934AAB28450888008E8A1D /* Model */ = {
			isa = PBXGroup;
			children = (
				63934AAC284508AA008E8A1D /* UserDetails.swift */,
			);
			path = Model;
			sourceTree = "<group>";
		};
		63934AB028450DDF008E8A1D /* ViewModel */ = {
			isa = PBXGroup;
			children = (
				63E9FE6E283F998E001ECFBE /* RegisterViewModel.swift */,
			);
			path = ViewModel;
			sourceTree = "<group>";
		};
		63934AB128450DFA008E8A1D /* View */ = {
			isa = PBXGroup;
			children = (
				63E9FE67283F77D7001ECFBE /* RegisterView.swift */,
			);
			path = View;
			sourceTree = "<group>";
		};
		63934AB328451B4E008E8A1D /* Session */ = {
			isa = PBXGroup;
			children = (
				63934AB728451BBC008E8A1D /* Service */,
				63934AB428451B60008E8A1D /* Model */,
			);
			path = Session;
			sourceTree = "<group>";
		};
		63934AB428451B60008E8A1D /* Model */ = {
			isa = PBXGroup;
			children = (
				63934AB528451B7B008E8A1D /* SessionUserDetails.swift */,
			);
			path = Model;
			sourceTree = "<group>";
		};
		63934AB728451BBC008E8A1D /* Service */ = {
			isa = PBXGroup;
			children = (
				63934AB828451BD2008E8A1D /* SessionService.swift */,
			);
			path = Service;
			sourceTree = "<group>";
		};
		639778262844BBBA005394E6 /* Application */ = {
			isa = PBXGroup;
			children = (
				63B56333284A055700187674 /* AppDelegate.swift */,
			);
			path = Application;
			sourceTree = "<group>";
		};
		63A6FA6B284F81AB006926A3 /* ProfileFields */ = {
			isa = PBXGroup;
			children = (
				63A6FA6E284F81EB006926A3 /* ProfileTextField.swift */,
				63A6FA74284F8686006926A3 /* ProfilePasswordField.swift */,
				63F7D2B728506BE4009B3E35 /* ProfileDateField.swift */,
			);
			path = ProfileFields;
			sourceTree = "<group>";
		};
		63A6FA70284F82E8006926A3 /* ProfileFormComponents */ = {
			isa = PBXGroup;
			children = (
				63A6FA72284F83CD006926A3 /* ProfileTextComponent.swift */,
				63A6FA76284F86DD006926A3 /* ProfilePasswordComponent.swift */,
				63F7D2B528506ACA009B3E35 /* ProfileDateComponent.swift */,
			);
			path = ProfileFormComponents;
			sourceTree = "<group>";
		};
		63A6FA71284F8321006926A3 /* InputFormComponents */ = {
			isa = PBXGroup;
			children = (
				63B5630228475D2100187674 /* InputTextComponent.swift */,
				63B5630428475D4C00187674 /* InputPasswordComponent.swift */,
				63B5630628475D8700187674 /* InputDateComponent.swift */,
			);
			path = InputFormComponents;
			sourceTree = "<group>";
		};
		63A6FA78284F9101006926A3 /* InputFields */ = {
			isa = PBXGroup;
			children = (
				63B5630F28486D7700187674 /* InputComponents.swift */,
			);
			path = InputFields;
			sourceTree = "<group>";
		};
		63A6FA79284F910E006926A3 /* ProfileFields */ = {
			isa = PBXGroup;
			children = (
				63B56342284A127D00187674 /* ProfileComponents.swift */,
			);
			path = ProfileFields;
			sourceTree = "<group>";
		};
		63B562FC28474F6200187674 /* RegisterFormBuilder */ = {
			isa = PBXGroup;
			children = (
				63B562FE2847520200187674 /* RegisterFormBuilder.swift */,
				63B562F62847455400187674 /* RegisterForm.swift */,
			);
			path = RegisterFormBuilder;
			sourceTree = "<group>";
		};
		63B562FD284751C400187674 /* LoginFormBuilder */ = {
			isa = PBXGroup;
			children = (
				63B563002847529200187674 /* LoginFormBuilder.swift */,
				63B562FA28474D5C00187674 /* LoginForm.swift */,
			);
			path = LoginFormBuilder;
			sourceTree = "<group>";
		};
		63B5630C28486B8700187674 /* Protocol */ = {
			isa = PBXGroup;
			children = (
				63E9FE91283FCCE6001ECFBE /* FormBuilderProtocol.swift */,
			);
			path = Protocol;
			sourceTree = "<group>";
		};
		63B5630E28486D4700187674 /* Extensions */ = {
			isa = PBXGroup;
			children = (
				63A6FA79284F910E006926A3 /* ProfileFields */,
				63A6FA78284F9101006926A3 /* InputFields */,
			);
			path = Extensions;
			sourceTree = "<group>";
		};
		63B56311284870F600187674 /* View */ = {
			isa = PBXGroup;
			children = (
				63E9FE65283F715B001ECFBE /* LoginView.swift */,
			);
			path = View;
			sourceTree = "<group>";
		};
		63B56312284870FE00187674 /* ViewModel */ = {
			isa = PBXGroup;
			children = (
				63E9FE73283F9EB9001ECFBE /* LoginViewModel.swift */,
			);
			path = ViewModel;
			sourceTree = "<group>";
		};
		63B563142848711D00187674 /* Model */ = {
			isa = PBXGroup;
			children = (
				63B5632D2849137900187674 /* UserLogin.swift */,
			);
			path = Model;
			sourceTree = "<group>";
		};
		63B56335284A05C300187674 /* Profile */ = {
			isa = PBXGroup;
			children = (
				63B56339284A074000187674 /* ViewModel */,
				63B56338284A073800187674 /* View */,
			);
			path = Profile;
			sourceTree = "<group>";
		};
		63B56338284A073800187674 /* View */ = {
			isa = PBXGroup;
			children = (
				63B56336284A05E600187674 /* ProfileView.swift */,
			);
			path = View;
			sourceTree = "<group>";
		};
		63B56339284A074000187674 /* ViewModel */ = {
			isa = PBXGroup;
			children = (
				63B5633A284A075600187674 /* ProfileViewModel.swift */,
			);
			path = ViewModel;
			sourceTree = "<group>";
		};
		63B5633D284A11F400187674 /* ProfileFormBuilder */ = {
			isa = PBXGroup;
			children = (
				63B5633E284A121100187674 /* ProfileFormBuilder.swift */,
				63B56340284A121A00187674 /* ProfileForm.swift */,
			);
			path = ProfileFormBuilder;
			sourceTree = "<group>";
		};
		63E9FE70283F9D32001ECFBE /* Registration */ = {
			isa = PBXGroup;
			children = (
				63934AAB28450888008E8A1D /* Model */,
				63934AB128450DFA008E8A1D /* View */,
				63934AB028450DDF008E8A1D /* ViewModel */,
				63934AA828450870008E8A1D /* Service */,
			);
			path = Registration;
			sourceTree = "<group>";
		};
		63E9FE75283F9EDB001ECFBE /* Login */ = {
			isa = PBXGroup;
			children = (
				63B563142848711D00187674 /* Model */,
				63B56311284870F600187674 /* View */,
				63B56312284870FE00187674 /* ViewModel */,
				63934AA528450847008E8A1D /* Service */,
			);
			path = Login;
			sourceTree = "<group>";
		};
		63E9FE87283FC343001ECFBE /* Form */ = {
			isa = PBXGroup;
			children = (
				631EBBEF2840809800D6255D /* Validation */,
				63E9FE90283FCCC7001ECFBE /* Builder */,
				63E9FE8D283FC42E001ECFBE /* Model */,
				63E9FE88283FC34D001ECFBE /* Views */,
			);
			path = Form;
			sourceTree = "<group>";
		};
		63E9FE88283FC34D001ECFBE /* Views */ = {
			isa = PBXGroup;
			children = (
				63A6FA6B284F81AB006926A3 /* ProfileFields */,
				63E9FE89283FC387001ECFBE /* InputFields */,
				63E9FE8B283FC39D001ECFBE /* Buttons */,
			);
			path = Views;
			sourceTree = "<group>";
		};
		63E9FE89283FC387001ECFBE /* InputFields */ = {
			isa = PBXGroup;
			children = (
				634229A4283F524F00FCDA10 /* InputTextField.swift */,
				634229A9283F5A6700FCDA10 /* InputPasswordField.swift */,
				63E9FE69283F7F29001ECFBE /* InputDateField.swift */,
			);
			path = InputFields;
			sourceTree = "<group>";
		};
		63E9FE8B283FC39D001ECFBE /* Buttons */ = {
			isa = PBXGroup;
			children = (
				634229AB283F60F800FCDA10 /* ButtonView.swift */,
			);
			path = Buttons;
			sourceTree = "<group>";
		};
		63E9FE8D283FC42E001ECFBE /* Model */ = {
			isa = PBXGroup;
			children = (
				63E9FE8E283FC442001ECFBE /* FormComponent.swift */,
				63A6FA71284F8321006926A3 /* InputFormComponents */,
				63A6FA70284F82E8006926A3 /* ProfileFormComponents */,
				63B5630E28486D4700187674 /* Extensions */,
			);
			path = Model;
			sourceTree = "<group>";
		};
		63E9FE90283FCCC7001ECFBE /* Builder */ = {
			isa = PBXGroup;
			children = (
				63B5630C28486B8700187674 /* Protocol */,
				63B5633D284A11F400187674 /* ProfileFormBuilder */,
				63B562FD284751C400187674 /* LoginFormBuilder */,
				63B562FC28474F6200187674 /* RegisterFormBuilder */,
			);
			path = Builder;
			sourceTree = "<group>";
		};
/* End PBXGroup section */

/* Begin PBXNativeTarget section */
		63422985283F463700FCDA10 /* FirebaseLogin */ = {
			isa = PBXNativeTarget;
			buildConfigurationList = 6342299A283F463E00FCDA10 /* Build configuration list for PBXNativeTarget "FirebaseLogin" */;
			buildPhases = (
				63422982283F463700FCDA10 /* Sources */,
				63422983283F463700FCDA10 /* Frameworks */,
				63422984283F463700FCDA10 /* Resources */,
			);
			buildRules = (
			);
			dependencies = (
			);
			name = FirebaseLogin;
			packageProductDependencies = (
				63934A9F284503AF008E8A1D /* FirebaseAuth */,
				63934AA1284503AF008E8A1D /* FirebaseDatabase */,
			);
			productName = FirebaseLogin;
			productReference = 63422986283F463700FCDA10 /* FirebaseLogin.app */;
			productType = "com.apple.product-type.application";
		};
/* End PBXNativeTarget section */

/* Begin PBXProject section */
		6342297E283F463700FCDA10 /* Project object */ = {
			isa = PBXProject;
			attributes = {
				BuildIndependentTargetsInParallel = 1;
				LastSwiftUpdateCheck = 1330;
				LastUpgradeCheck = 1330;
				TargetAttributes = {
					63422985283F463700FCDA10 = {
						CreatedOnToolsVersion = 13.3.1;
					};
				};
			};
			buildConfigurationList = 63422981283F463700FCDA10 /* Build configuration list for PBXProject "FirebaseLogin" */;
			compatibilityVersion = "Xcode 13.0";
			developmentRegion = en;
			hasScannedForEncodings = 0;
			knownRegions = (
				en,
				Base,
			);
			mainGroup = 6342297D283F463700FCDA10;
			packageReferences = (
				63934A9E284503AF008E8A1D /* XCRemoteSwiftPackageReference "firebase-ios-sdk" */,
			);
			productRefGroup = 63422987283F463700FCDA10 /* Products */;
			projectDirPath = "";
			projectRoot = "";
			targets = (
				63422985283F463700FCDA10 /* FirebaseLogin */,
			);
		};
/* End PBXProject section */

/* Begin PBXResourcesBuildPhase section */
		63422984283F463700FCDA10 /* Resources */ = {
			isa = PBXResourcesBuildPhase;
			buildActionMask = 2147483647;
			files = (
				63422996283F463E00FCDA10 /* LaunchScreen.storyboard in Resources */,
				63422993283F463E00FCDA10 /* Assets.xcassets in Resources */,
				63B563322849CF9F00187674 /* GoogleService-Info.plist in Resources */,
			);
			runOnlyForDeploymentPostprocessing = 0;
		};
/* End PBXResourcesBuildPhase section */

/* Begin PBXSourcesBuildPhase section */
		63422982283F463700FCDA10 /* Sources */ = {
			isa = PBXSourcesBuildPhase;
			buildActionMask = 2147483647;
			files = (
				63B56334284A055700187674 /* AppDelegate.swift in Sources */,
				63F7D2B628506ACA009B3E35 /* ProfileDateComponent.swift in Sources */,
				63B5630528475D4C00187674 /* InputPasswordComponent.swift in Sources */,
				631EBBF52840874000D6255D /* RegexFormItem.swift in Sources */,
				63B5633F284A121100187674 /* ProfileFormBuilder.swift in Sources */,
				634229AC283F60F800FCDA10 /* ButtonView.swift in Sources */,
				63E9FE6A283F7F29001ECFBE /* InputDateField.swift in Sources */,
				63B56337284A05E600187674 /* ProfileView.swift in Sources */,
				63A6FA77284F86DD006926A3 /* ProfilePasswordComponent.swift in Sources */,
				63F7D2B828506BE4009B3E35 /* ProfileDateField.swift in Sources */,
				63B562FF2847520200187674 /* RegisterFormBuilder.swift in Sources */,
				634229AA283F5A6700FCDA10 /* InputPasswordField.swift in Sources */,
				63E9FE6F283F998E001ECFBE /* RegisterViewModel.swift in Sources */,
				63934AAD284508AA008E8A1D /* UserDetails.swift in Sources */,
				63A6FA6F284F81EB006926A3 /* ProfileTextField.swift in Sources */,
				63B562F72847455400187674 /* RegisterForm.swift in Sources */,
				63A6FA75284F8686006926A3 /* ProfilePasswordField.swift in Sources */,
				631EBBFE2840E6FC00D6255D /* FormState.swift in Sources */,
				631EBBF8284087EF00D6255D /* ValidationError.swift in Sources */,
				63B563012847529200187674 /* LoginFormBuilder.swift in Sources */,
				63B5630728475D8700187674 /* InputDateComponent.swift in Sources */,
				63934AB628451B7B008E8A1D /* SessionUserDetails.swift in Sources */,
				63E9FE68283F77D7001ECFBE /* RegisterView.swift in Sources */,
				63E9FE92283FCCE6001ECFBE /* FormBuilderProtocol.swift in Sources */,
				63B563302849C0C300187674 /* LoginService.swift in Sources */,
				63A6FA73284F83CD006926A3 /* ProfileTextComponent.swift in Sources */,
				631EBBFB28408CC500D6255D /* ValidationManager.swift in Sources */,
				63934AB928451BD2008E8A1D /* SessionService.swift in Sources */,
				631EBBF2284080B000D6255D /* RegexPatterns.swift in Sources */,
				63B56341284A121A00187674 /* ProfileForm.swift in Sources */,
				63B56343284A127D00187674 /* ProfileComponents.swift in Sources */,
				63B5632E2849137900187674 /* UserLogin.swift in Sources */,
				634229A5283F524F00FCDA10 /* InputTextField.swift in Sources */,
				63E9FE8F283FC442001ECFBE /* FormComponent.swift in Sources */,
				63B562FB28474D5C00187674 /* LoginForm.swift in Sources */,
				63E9FE74283F9EB9001ECFBE /* LoginViewModel.swift in Sources */,
				63B562F9284748D800187674 /* CommonValidations.swift in Sources */,
				63B5630328475D2100187674 /* InputTextComponent.swift in Sources */,
				63B5631028486D7700187674 /* InputComponents.swift in Sources */,
				634229A8283F584100FCDA10 /* PreviewLayoutComponentModifier.swift in Sources */,
				63934AAF28450907008E8A1D /* RegisterService.swift in Sources */,
				63E9FE66283F715B001ECFBE /* LoginView.swift in Sources */,
				63B5633B284A075600187674 /* ProfileViewModel.swift in Sources */,
				6329A16128587CC900996539 /* LoadingView.swift in Sources */,
			);
			runOnlyForDeploymentPostprocessing = 0;
		};
/* End PBXSourcesBuildPhase section */

/* Begin PBXVariantGroup section */
		63422994283F463E00FCDA10 /* LaunchScreen.storyboard */ = {
			isa = PBXVariantGroup;
			children = (
				63422995283F463E00FCDA10 /* Base */,
			);
			name = LaunchScreen.storyboard;
			sourceTree = "<group>";
		};
/* End PBXVariantGroup section */

/* Begin XCBuildConfiguration section */
		63422998283F463E00FCDA10 /* Debug */ = {
			isa = XCBuildConfiguration;
			buildSettings = {
				ALWAYS_SEARCH_USER_PATHS = NO;
				CLANG_ANALYZER_NONNULL = YES;
				CLANG_ANALYZER_NUMBER_OBJECT_CONVERSION = YES_AGGRESSIVE;
				CLANG_CXX_LANGUAGE_STANDARD = "gnu++17";
				CLANG_ENABLE_MODULES = YES;
				CLANG_ENABLE_OBJC_ARC = YES;
				CLANG_ENABLE_OBJC_WEAK = YES;
				CLANG_WARN_BLOCK_CAPTURE_AUTORELEASING = YES;
				CLANG_WARN_BOOL_CONVERSION = YES;
				CLANG_WARN_COMMA = YES;
				CLANG_WARN_CONSTANT_CONVERSION = YES;
				CLANG_WARN_DEPRECATED_OBJC_IMPLEMENTATIONS = YES;
				CLANG_WARN_DIRECT_OBJC_ISA_USAGE = YES_ERROR;
				CLANG_WARN_DOCUMENTATION_COMMENTS = YES;
				CLANG_WARN_EMPTY_BODY = YES;
				CLANG_WARN_ENUM_CONVERSION = YES;
				CLANG_WARN_INFINITE_RECURSION = YES;
				CLANG_WARN_INT_CONVERSION = YES;
				CLANG_WARN_NON_LITERAL_NULL_CONVERSION = YES;
				CLANG_WARN_OBJC_IMPLICIT_RETAIN_SELF = YES;
				CLANG_WARN_OBJC_LITERAL_CONVERSION = YES;
				CLANG_WARN_OBJC_ROOT_CLASS = YES_ERROR;
				CLANG_WARN_QUOTED_INCLUDE_IN_FRAMEWORK_HEADER = YES;
				CLANG_WARN_RANGE_LOOP_ANALYSIS = YES;
				CLANG_WARN_STRICT_PROTOTYPES = YES;
				CLANG_WARN_SUSPICIOUS_MOVE = YES;
				CLANG_WARN_UNGUARDED_AVAILABILITY = YES_AGGRESSIVE;
				CLANG_WARN_UNREACHABLE_CODE = YES;
				CLANG_WARN__DUPLICATE_METHOD_MATCH = YES;
				COPY_PHASE_STRIP = NO;
				DEBUG_INFORMATION_FORMAT = dwarf;
				ENABLE_STRICT_OBJC_MSGSEND = YES;
				ENABLE_TESTABILITY = YES;
				GCC_C_LANGUAGE_STANDARD = gnu11;
				GCC_DYNAMIC_NO_PIC = NO;
				GCC_NO_COMMON_BLOCKS = YES;
				GCC_OPTIMIZATION_LEVEL = 0;
				GCC_PREPROCESSOR_DEFINITIONS = (
					"DEBUG=1",
					"$(inherited)",
				);
				GCC_WARN_64_TO_32_BIT_CONVERSION = YES;
				GCC_WARN_ABOUT_RETURN_TYPE = YES_ERROR;
				GCC_WARN_UNDECLARED_SELECTOR = YES;
				GCC_WARN_UNINITIALIZED_AUTOS = YES_AGGRESSIVE;
				GCC_WARN_UNUSED_FUNCTION = YES;
				GCC_WARN_UNUSED_VARIABLE = YES;
				IPHONEOS_DEPLOYMENT_TARGET = 15.4;
				MTL_ENABLE_DEBUG_INFO = INCLUDE_SOURCE;
				MTL_FAST_MATH = YES;
				ONLY_ACTIVE_ARCH = YES;
				SDKROOT = iphoneos;
				SWIFT_ACTIVE_COMPILATION_CONDITIONS = DEBUG;
				SWIFT_OPTIMIZATION_LEVEL = "-Onone";
			};
			name = Debug;
		};
		63422999283F463E00FCDA10 /* Release */ = {
			isa = XCBuildConfiguration;
			buildSettings = {
				ALWAYS_SEARCH_USER_PATHS = NO;
				CLANG_ANALYZER_NONNULL = YES;
				CLANG_ANALYZER_NUMBER_OBJECT_CONVERSION = YES_AGGRESSIVE;
				CLANG_CXX_LANGUAGE_STANDARD = "gnu++17";
				CLANG_ENABLE_MODULES = YES;
				CLANG_ENABLE_OBJC_ARC = YES;
				CLANG_ENABLE_OBJC_WEAK = YES;
				CLANG_WARN_BLOCK_CAPTURE_AUTORELEASING = YES;
				CLANG_WARN_BOOL_CONVERSION = YES;
				CLANG_WARN_COMMA = YES;
				CLANG_WARN_CONSTANT_CONVERSION = YES;
				CLANG_WARN_DEPRECATED_OBJC_IMPLEMENTATIONS = YES;
				CLANG_WARN_DIRECT_OBJC_ISA_USAGE = YES_ERROR;
				CLANG_WARN_DOCUMENTATION_COMMENTS = YES;
				CLANG_WARN_EMPTY_BODY = YES;
				CLANG_WARN_ENUM_CONVERSION = YES;
				CLANG_WARN_INFINITE_RECURSION = YES;
				CLANG_WARN_INT_CONVERSION = YES;
				CLANG_WARN_NON_LITERAL_NULL_CONVERSION = YES;
				CLANG_WARN_OBJC_IMPLICIT_RETAIN_SELF = YES;
				CLANG_WARN_OBJC_LITERAL_CONVERSION = YES;
				CLANG_WARN_OBJC_ROOT_CLASS = YES_ERROR;
				CLANG_WARN_QUOTED_INCLUDE_IN_FRAMEWORK_HEADER = YES;
				CLANG_WARN_RANGE_LOOP_ANALYSIS = YES;
				CLANG_WARN_STRICT_PROTOTYPES = YES;
				CLANG_WARN_SUSPICIOUS_MOVE = YES;
				CLANG_WARN_UNGUARDED_AVAILABILITY = YES_AGGRESSIVE;
				CLANG_WARN_UNREACHABLE_CODE = YES;
				CLANG_WARN__DUPLICATE_METHOD_MATCH = YES;
				COPY_PHASE_STRIP = NO;
				DEBUG_INFORMATION_FORMAT = "dwarf-with-dsym";
				ENABLE_NS_ASSERTIONS = NO;
				ENABLE_STRICT_OBJC_MSGSEND = YES;
				GCC_C_LANGUAGE_STANDARD = gnu11;
				GCC_NO_COMMON_BLOCKS = YES;
				GCC_WARN_64_TO_32_BIT_CONVERSION = YES;
				GCC_WARN_ABOUT_RETURN_TYPE = YES_ERROR;
				GCC_WARN_UNDECLARED_SELECTOR = YES;
				GCC_WARN_UNINITIALIZED_AUTOS = YES_AGGRESSIVE;
				GCC_WARN_UNUSED_FUNCTION = YES;
				GCC_WARN_UNUSED_VARIABLE = YES;
				IPHONEOS_DEPLOYMENT_TARGET = 15.4;
				MTL_ENABLE_DEBUG_INFO = NO;
				MTL_FAST_MATH = YES;
				SDKROOT = iphoneos;
				SWIFT_COMPILATION_MODE = wholemodule;
				SWIFT_OPTIMIZATION_LEVEL = "-O";
				VALIDATE_PRODUCT = YES;
			};
			name = Release;
		};
		6342299B283F463E00FCDA10 /* Debug */ = {
			isa = XCBuildConfiguration;
			buildSettings = {
				ASSETCATALOG_COMPILER_APPICON_NAME = AppIcon;
				ASSETCATALOG_COMPILER_GLOBAL_ACCENT_COLOR_NAME = AccentColor;
				CODE_SIGN_STYLE = Automatic;
				CURRENT_PROJECT_VERSION = 1;
				DEVELOPMENT_TEAM = 8HM2AYWCH3;
				GENERATE_INFOPLIST_FILE = YES;
				INFOPLIST_FILE = FirebaseLogin/Info.plist;
				INFOPLIST_KEY_UIApplicationSupportsIndirectInputEvents = YES;
				INFOPLIST_KEY_UILaunchStoryboardName = LaunchScreen;
				INFOPLIST_KEY_UISupportedInterfaceOrientations_iPad = "UIInterfaceOrientationPortrait UIInterfaceOrientationPortraitUpsideDown UIInterfaceOrientationLandscapeLeft UIInterfaceOrientationLandscapeRight";
				INFOPLIST_KEY_UISupportedInterfaceOrientations_iPhone = "UIInterfaceOrientationPortrait UIInterfaceOrientationLandscapeLeft UIInterfaceOrientationLandscapeRight";
				LD_RUNPATH_SEARCH_PATHS = (
					"$(inherited)",
					"@executable_path/Frameworks",
				);
				MARKETING_VERSION = 1.0;
				OTHER_LDFLAGS = "-ObjC";
				PRODUCT_BUNDLE_IDENTIFIER = Vet.FirebaseLogin;
				PRODUCT_NAME = "$(TARGET_NAME)";
				SWIFT_EMIT_LOC_STRINGS = YES;
				SWIFT_VERSION = 5.0;
				TARGETED_DEVICE_FAMILY = "1,2";
			};
			name = Debug;
		};
		6342299C283F463E00FCDA10 /* Release */ = {
			isa = XCBuildConfiguration;
			buildSettings = {
				ASSETCATALOG_COMPILER_APPICON_NAME = AppIcon;
				ASSETCATALOG_COMPILER_GLOBAL_ACCENT_COLOR_NAME = AccentColor;
				CODE_SIGN_STYLE = Automatic;
				CURRENT_PROJECT_VERSION = 1;
				DEVELOPMENT_TEAM = 8HM2AYWCH3;
				GENERATE_INFOPLIST_FILE = YES;
				INFOPLIST_FILE = FirebaseLogin/Info.plist;
				INFOPLIST_KEY_UIApplicationSupportsIndirectInputEvents = YES;
				INFOPLIST_KEY_UILaunchStoryboardName = LaunchScreen;
				INFOPLIST_KEY_UISupportedInterfaceOrientations_iPad = "UIInterfaceOrientationPortrait UIInterfaceOrientationPortraitUpsideDown UIInterfaceOrientationLandscapeLeft UIInterfaceOrientationLandscapeRight";
				INFOPLIST_KEY_UISupportedInterfaceOrientations_iPhone = "UIInterfaceOrientationPortrait UIInterfaceOrientationLandscapeLeft UIInterfaceOrientationLandscapeRight";
				LD_RUNPATH_SEARCH_PATHS = (
					"$(inherited)",
					"@executable_path/Frameworks",
				);
				MARKETING_VERSION = 1.0;
				OTHER_LDFLAGS = "-ObjC";
				PRODUCT_BUNDLE_IDENTIFIER = Vet.FirebaseLogin;
				PRODUCT_NAME = "$(TARGET_NAME)";
				SWIFT_EMIT_LOC_STRINGS = YES;
				SWIFT_VERSION = 5.0;
				TARGETED_DEVICE_FAMILY = "1,2";
			};
			name = Release;
		};
/* End XCBuildConfiguration section */

/* Begin XCConfigurationList section */
		63422981283F463700FCDA10 /* Build configuration list for PBXProject "FirebaseLogin" */ = {
			isa = XCConfigurationList;
			buildConfigurations = (
				63422998283F463E00FCDA10 /* Debug */,
				63422999283F463E00FCDA10 /* Release */,
			);
			defaultConfigurationIsVisible = 0;
			defaultConfigurationName = Release;
		};
		6342299A283F463E00FCDA10 /* Build configuration list for PBXNativeTarget "FirebaseLogin" */ = {
			isa = XCConfigurationList;
			buildConfigurations = (
				6342299B283F463E00FCDA10 /* Debug */,
				6342299C283F463E00FCDA10 /* Release */,
			);
			defaultConfigurationIsVisible = 0;
			defaultConfigurationName = Release;
		};
/* End XCConfigurationList section */

/* Begin XCRemoteSwiftPackageReference section */
		63934A9E284503AF008E8A1D /* XCRemoteSwiftPackageReference "firebase-ios-sdk" */ = {
			isa = XCRemoteSwiftPackageReference;
			repositoryURL = "https://github.com/firebase/firebase-ios-sdk.git";
			requirement = {
				branch = master;
				kind = branch;
			};
		};
/* End XCRemoteSwiftPackageReference section */

/* Begin XCSwiftPackageProductDependency section */
		63934A9F284503AF008E8A1D /* FirebaseAuth */ = {
			isa = XCSwiftPackageProductDependency;
			package = 63934A9E284503AF008E8A1D /* XCRemoteSwiftPackageReference "firebase-ios-sdk" */;
			productName = FirebaseAuth;
		};
		63934AA1284503AF008E8A1D /* FirebaseDatabase */ = {
			isa = XCSwiftPackageProductDependency;
			package = 63934A9E284503AF008E8A1D /* XCRemoteSwiftPackageReference "firebase-ios-sdk" */;
			productName = FirebaseDatabase;
		};
/* End XCSwiftPackageProductDependency section */
	};
	rootObject = 6342297E283F463700FCDA10 /* Project object */;
}
